
Microsoft Visual Studio Solution File, Format Version 12.00
# Visual Studio Version 16
VisualStudioVersion = 16.0.30011.22
MinimumVisualStudioVersion = 10.0.40219.1
Project("{FAE04EC0-301F-11D3-BF4B-00C04F79EFBC}") = "Wray_Tracker", "Wray_Tracker\Wray_Tracker.csproj", "{BB5E20A3-BBBF-4C5B-8928-C30BB2207438}"
EndProject
Global
	GlobalSection(SolutionConfigurationPlatforms) = preSolution
		Debug|Any CPU = Debug|Any CPU
		Release|Any CPU = Release|Any CPU
	EndGlobalSection
	GlobalSection(ProjectConfigurationPlatforms) = postSolution
		{BB5E20A3-BBBF-4C5B-8928-C30BB2207438}.Debug|Any CPU.ActiveCfg = Debug|Any CPU
		{BB5E20A3-BBBF-4C5B-8928-C30BB2207438}.Debug|Any CPU.Build.0 = Debug|Any CPU
		{BB5E20A3-BBBF-4C5B-8928-C30BB2207438}.Release|Any CPU.ActiveCfg = Release|Any CPU
		{BB5E20A3-BBBF-4C5B-8928-C30BB2207438}.Release|Any CPU.Build.0 = Release|Any CPU
	EndGlobalSection
	GlobalSection(SolutionProperties) = preSolution
		HideSolutionNode = FALSE
	EndGlobalSection
	GlobalSection(ExtensibilityGlobals) = postSolution
		SolutionGuid = {57ECC7C2-F6FF-43B2-9793-0F834EA3200F}
	EndGlobalSection
EndGlobal
